<?xml version="1.0" encoding="utf-8"?>
<Project ToolsVersion="4.0" xmlns="http://schemas.microsoft.com/developer/msbuild/2003">
  <ItemGroup>
    <Filter Include="engine">
      <UniqueIdentifier>{e0092d30-f157-4749-98ed-663050406ae2}</UniqueIdentifier>
    </Filter>
    <Filter Include="framework">
      <UniqueIdentifier>{4FC737F1-C7A5-4376-A066-2A32D752A2FF}</UniqueIdentifier>
      <Extensions>cpp;c;cc;cxx;c++;cppm;ixx;def;odl;idl;hpj;bat;asm;asmx</Extensions>
    </Filter>
  </ItemGroup>
  <ItemGroup>
    <None Include="engine\zoo.asm">
      <Filter>engine</Filter>
    </None>
    <None Include="engine\zoo.macros.methodaccessorsforobjects.asm">
      <Filter>engine</Filter>
    </None>
    <None Include="engine\zoo.macros.methods.asm">
      <Filter>engine</Filter>
    </None>
    <None Include="engine\zoo.macros.pointers.asm">
      <Filter>engine</Filter>
    </None>
    <None Include="engine\zoo.macros.properties.asm">
      <Filter>engine</Filter>
    </None>
    <None Include="engine\zoo.macros.propertiespointers.asm">
      <Filter>engine</Filter>
    </None>
    <None Include="engine\zoo.macros.propertyaccessorsforclasses.asm">
      <Filter>engine</Filter>
    </None>
    <None Include="engine\zoo.macros.propertyaccessorsforobjects.asm">
      <Filter>engine</Filter>
    </None>
    <None Include="engine\zoo.macros.reflection.asm">
      <Filter>engine</Filter>
    </None>
    <None Include="engine\zoo.macros.staticproperties.asm">
      <Filter>engine</Filter>
    </None>
    <None Include="engine\zoo.reflection.r0_none.asm">
      <Filter>engine</Filter>
    </None>
    <None Include="engine\zoo.reflection.r0_none.s">
      <Filter>engine</Filter>
    </None>
    <None Include="engine\zoo.reflection.r1_inheritance.asm">
      <Filter>engine</Filter>
    </None>
    <None Include="engine\zoo.reflection.r1_inheritance.s">
      <Filter>engine</Filter>
    </None>
    <None Include="engine\zoo.reflection.r2_namedinheritance.asm">
      <Filter>engine</Filter>
    </None>
    <None Include="engine\zoo.reflection.r2_namedinheritance.s">
      <Filter>engine</Filter>
    </None>
    <None Include="engine\zoo.reflection.r3_classstructure.asm">
      <Filter>engine</Filter>
    </None>
    <None Include="engine\zoo.reflection.r3_classstructure.s">
      <Filter>engine</Filter>
    </None>
    <None Include="engine\zoo.reflection.r4_namedmembers.asm">
      <Filter>engine</Filter>
    </None>
    <None Include="engine\zoo.reflection.r4_namedmembers.s">
      <Filter>engine</Filter>
    </None>
    <None Include="engine\zoo.s">
      <Filter>engine</Filter>
    </None>
  </ItemGroup>
  <ItemGroup>
    <Xml Include="framework\Object.xml">
      <Filter>framework</Filter>
    </Xml>
  </ItemGroup>
  <ItemGroup>
    <Xsd Include="framework\zoo.class.xsd">
      <Filter>framework</Filter>
    </Xsd>
  </ItemGroup>
</Project>